
Microsoft Visual Studio Solution File, Format Version 12.00
# Visual Studio Version 17
VisualStudioVersion = 17.1.32210.238
MinimumVisualStudioVersion = 10.0.40219.1
Project("{FAE04EC0-301F-11D3-BF4B-00C04F79EFBC}") = "TestWebApp", "TestWebApp\TestWebApp.csproj", "{35D9C636-D04F-4739-8D13-327E5AD3ABD7}"
EndProject
Global
	GlobalSection(SolutionConfigurationPlatforms) = preSolution
		Debug|Any CPU = Debug|Any CPU
		Release|Any CPU = Release|Any CPU
	EndGlobalSection
	GlobalSection(ProjectConfigurationPlatforms) = postSolution
		{35D9C636-D04F-4739-8D13-327E5AD3ABD7}.Debug|Any CPU.ActiveCfg = Debug|Any CPU
		{35D9C636-D04F-4739-8D13-327E5AD3ABD7}.Debug|Any CPU.Build.0 = Debug|Any CPU
		{35D9C636-D04F-4739-8D13-327E5AD3ABD7}.Release|Any CPU.ActiveCfg = Release|Any CPU
		{35D9C636-D04F-4739-8D13-327E5AD3ABD7}.Release|Any CPU.Build.0 = Release|Any CPU
	EndGlobalSection
	GlobalSection(SolutionProperties) = preSolution
		HideSolutionNode = FALSE
	EndGlobalSection
	GlobalSection(ExtensibilityGlobals) = postSolution
		SolutionGuid = {D9FFF73E-4197-44BF-B615-E9BD6D974917}
	EndGlobalSection
EndGlobal
